
Microsoft Visual Studio Solution File, Format Version 12.00
# Visual Studio Version 17
VisualStudioVersion = 17.9.34902.65
MinimumVisualStudioVersion = 10.0.40219.1
Project("{FAE04EC0-301F-11D3-BF4B-00C04F79EFBC}") = "QuadraticEquationSolver", "QuadraticEquationSolver\QuadraticEquationSolver.csproj", "{976DAE63-B482-429C-9673-DA31FB95E662}"
EndProject
Global
	GlobalSection(SolutionConfigurationPlatforms) = preSolution
		Debug|Any CPU = Debug|Any CPU
		Release|Any CPU = Release|Any CPU
	EndGlobalSection
	GlobalSection(ProjectConfigurationPlatforms) = postSolution
		{976DAE63-B482-429C-9673-DA31FB95E662}.Debug|Any CPU.ActiveCfg = Debug|Any CPU
		{976DAE63-B482-429C-9673-DA31FB95E662}.Debug|Any CPU.Build.0 = Debug|Any CPU
		{976DAE63-B482-429C-9673-DA31FB95E662}.Release|Any CPU.ActiveCfg = Release|Any CPU
		{976DAE63-B482-429C-9673-DA31FB95E662}.Release|Any CPU.Build.0 = Release|Any CPU
	EndGlobalSection
	GlobalSection(SolutionProperties) = preSolution
		HideSolutionNode = FALSE
	EndGlobalSection
	GlobalSection(ExtensibilityGlobals) = postSolution
		SolutionGuid = {36F964B9-1F07-47F4-B509-E09CCD6FB287}
	EndGlobalSection
EndGlobal
